<?xml version="1.0" encoding="utf-8"?>
<Project ToolsVersion="17.0" xmlns="http://schemas.microsoft.com/developer/msbuild/2003">
  <ItemGroup>
    <ClCompile Include="C:\Users\suruw\source\repos\Neural_Network\new — kopia\src\neuronnet_autogen\mocs_compilation_Debug.cpp">
      <Filter>Source Files</Filter>
    </ClCompile>
    <ClCompile Include="C:\Users\suruw\source\repos\Neural_Network\new — kopia\src\main.cpp">
      <Filter>Source Files</Filter>
    </ClCompile>
    <ClCompile Include="C:\Users\suruw\source\repos\Neural_Network\new — kopia\src\gui.cpp">
      <Filter>Source Files</Filter>
    </ClCompile>
    <ClCompile Include="C:\Users\suruw\source\repos\Neural_Network\new — kopia\src\Network.cpp">
      <Filter>Source Files</Filter>
    </ClCompile>
    <ClCompile Include="C:\Users\suruw\source\repos\Neural_Network\new — kopia\src\Neuron.cpp">
      <Filter>Source Files</Filter>
    </ClCompile>
    <ClCompile Include="C:\Users\suruw\source\repos\Neural_Network\new — kopia\src\Matrix.cpp">
      <Filter>Source Files</Filter>
    </ClCompile>
    <ClCompile Include="C:\Users\suruw\source\repos\Neural_Network\new — kopia\src\Layer.cpp">
      <Filter>Source Files</Filter>
    </ClCompile>
    <ClCompile Include="C:\Users\suruw\source\repos\Neural_Network\new — kopia\src\PictureMatrix.cpp">
      <Filter>Source Files</Filter>
    </ClCompile>
    <ClCompile Include="C:\Users\suruw\source\repos\Neural_Network\new — kopia\src\Input.cpp">
      <Filter>Source Files</Filter>
    </ClCompile>
    <ClCompile Include="C:\Users\suruw\source\repos\Neural_Network\new — kopia\src\neuronnet_autogen\mocs_compilation_Release.cpp">
      <Filter>Source Files</Filter>
    </ClCompile>
    <ClCompile Include="C:\Users\suruw\source\repos\Neural_Network\new — kopia\src\neuronnet_autogen\mocs_compilation_MinSizeRel.cpp">
      <Filter>Source Files</Filter>
    </ClCompile>
    <ClCompile Include="C:\Users\suruw\source\repos\Neural_Network\new — kopia\src\neuronnet_autogen\mocs_compilation_RelWithDebInfo.cpp">
      <Filter>Source Files</Filter>
    </ClCompile>
  </ItemGroup>
  <ItemGroup>
    <ClInclude Include="C:\Users\suruw\source\repos\Neural_Network\new — kopia\src\gui.h">
      <Filter>Header Files</Filter>
    </ClInclude>
    <ClInclude Include="C:\Users\suruw\source\repos\Neural_Network\new — kopia\src\Network.h">
      <Filter>Header Files</Filter>
    </ClInclude>
    <ClInclude Include="C:\Users\suruw\source\repos\Neural_Network\new — kopia\src\Neuron.h">
      <Filter>Header Files</Filter>
    </ClInclude>
    <ClInclude Include="C:\Users\suruw\source\repos\Neural_Network\new — kopia\src\Matrix.h">
      <Filter>Header Files</Filter>
    </ClInclude>
    <ClInclude Include="C:\Users\suruw\source\repos\Neural_Network\new — kopia\src\PictureMatrix.h">
      <Filter>Header Files</Filter>
    </ClInclude>
    <ClInclude Include="C:\Users\suruw\source\repos\Neural_Network\new — kopia\src\Input.h">
      <Filter>Header Files</Filter>
    </ClInclude>
  </ItemGroup>
  <ItemGroup>
    <CustomBuild Include="C:\Users\suruw\source\repos\Neural_Network\new — kopia\src\CMakeLists.txt" />
  </ItemGroup>
  <ItemGroup>
    <Filter Include="Header Files">
      <UniqueIdentifier>{72B4A2E8-B74B-3E3F-91BF-D485DE9C4AE4}</UniqueIdentifier>
    </Filter>
    <Filter Include="Source Files">
      <UniqueIdentifier>{59EB2143-3164-38F0-8424-CDD4D24AA9AE}</UniqueIdentifier>
    </Filter>
  </ItemGroup>
</Project>
